
Microsoft Visual Studio Solution File, Format Version 12.00
# Visual Studio Version 17
VisualStudioVersion = 17.6.33829.357
MinimumVisualStudioVersion = 10.0.40219.1
Project("{FAE04EC0-301F-11D3-BF4B-00C04F79EFBC}") = "McDonalds", "McDonalds\McDonalds.csproj", "{AEE34211-5971-4BAE-9644-B44C2C149BCB}"
EndProject
Global
	GlobalSection(SolutionConfigurationPlatforms) = preSolution
		Debug|Any CPU = Debug|Any CPU
		Release|Any CPU = Release|Any CPU
	EndGlobalSection
	GlobalSection(ProjectConfigurationPlatforms) = postSolution
		{AEE34211-5971-4BAE-9644-B44C2C149BCB}.Debug|Any CPU.ActiveCfg = Debug|Any CPU
		{AEE34211-5971-4BAE-9644-B44C2C149BCB}.Debug|Any CPU.Build.0 = Debug|Any CPU
		{AEE34211-5971-4BAE-9644-B44C2C149BCB}.Release|Any CPU.ActiveCfg = Release|Any CPU
		{AEE34211-5971-4BAE-9644-B44C2C149BCB}.Release|Any CPU.Build.0 = Release|Any CPU
	EndGlobalSection
	GlobalSection(SolutionProperties) = preSolution
		HideSolutionNode = FALSE
	EndGlobalSection
	GlobalSection(ExtensibilityGlobals) = postSolution
		SolutionGuid = {C8D84849-0B5C-4378-A4A2-A0D774F54DE8}
	EndGlobalSection
EndGlobal
